
Microsoft Visual Studio Solution File, Format Version 12.00
# Visual Studio Version 17
VisualStudioVersion = 17.3.32929.385
MinimumVisualStudioVersion = 10.0.40219.1
Project("{FAE04EC0-301F-11D3-BF4B-00C04F79EFBC}") = "LeitorXML", "LeitorXML\LeitorXML.csproj", "{9F63281B-C79D-4150-909B-D68C2B365985}"
EndProject
Global
	GlobalSection(SolutionConfigurationPlatforms) = preSolution
		Debug|Any CPU = Debug|Any CPU
		Release|Any CPU = Release|Any CPU
	EndGlobalSection
	GlobalSection(ProjectConfigurationPlatforms) = postSolution
		{9F63281B-C79D-4150-909B-D68C2B365985}.Debug|Any CPU.ActiveCfg = Debug|Any CPU
		{9F63281B-C79D-4150-909B-D68C2B365985}.Debug|Any CPU.Build.0 = Debug|Any CPU
		{9F63281B-C79D-4150-909B-D68C2B365985}.Release|Any CPU.ActiveCfg = Release|Any CPU
		{9F63281B-C79D-4150-909B-D68C2B365985}.Release|Any CPU.Build.0 = Release|Any CPU
	EndGlobalSection
	GlobalSection(SolutionProperties) = preSolution
		HideSolutionNode = FALSE
	EndGlobalSection
	GlobalSection(ExtensibilityGlobals) = postSolution
		SolutionGuid = {0BDE59F2-65B1-4857-A956-A73942409C88}
	EndGlobalSection
EndGlobal
